// !$*UTF8*$!
{
	archiveVersion = 1;
	classes = {
	};
	objectVersion = 46;
	objects = {

/* Begin PBXBuildFile section */
		76183DE01F06EAC400F8D270 /* AppDelegate.swift in Sources */ = {isa = PBXBuildFile; fileRef = 76183DDF1F06EAC400F8D270 /* AppDelegate.swift */; };
		76183DE21F06EAC400F8D270 /* ViewController.swift in Sources */ = {isa = PBXBuildFile; fileRef = 76183DE11F06EAC400F8D270 /* ViewController.swift */; };
		76183DE51F06EAC400F8D270 /* Main.storyboard in Resources */ = {isa = PBXBuildFile; fileRef = 76183DE31F06EAC400F8D270 /* Main.storyboard */; };
		76183DE71F06EAC400F8D270 /* Assets.xcassets in Resources */ = {isa = PBXBuildFile; fileRef = 76183DE61F06EAC400F8D270 /* Assets.xcassets */; };
		76183DEA1F06EAC400F8D270 /* LaunchScreen.storyboard in Resources */ = {isa = PBXBuildFile; fileRef = 76183DE81F06EAC400F8D270 /* LaunchScreen.storyboard */; };
		76183DF71F06EB9700F8D270 /* Person.swift in Sources */ = {isa = PBXBuildFile; fileRef = 76183DF61F06EB9700F8D270 /* Person.swift */; };
		76183DFB1F06F1AA00F8D270 /* RoundedImageView.swift in Sources */ = {isa = PBXBuildFile; fileRef = 76183DFA1F06F1AA00F8D270 /* RoundedImageView.swift */; };
/* End PBXBuildFile section */

/* Begin PBXFileReference section */
		76183DDC1F06EAC400F8D270 /* MVCTest.app */ = {isa = PBXFileReference; explicitFileType = wrapper.application; includeInIndex = 0; path = MVCTest.app; sourceTree = BUILT_PRODUCTS_DIR; };
		76183DDF1F06EAC400F8D270 /* AppDelegate.swift */ = {isa = PBXFileReference; lastKnownFileType = sourcecode.swift; path = AppDelegate.swift; sourceTree = "<group>"; };
		76183DE11F06EAC400F8D270 /* ViewController.swift */ = {isa = PBXFileReference; lastKnownFileType = sourcecode.swift; path = ViewController.swift; sourceTree = "<group>"; };
		76183DE41F06EAC400F8D270 /* Base */ = {isa = PBXFileReference; lastKnownFileType = file.storyboard; name = Base; path = Base.lproj/Main.storyboard; sourceTree = "<group>"; };
		76183DE61F06EAC400F8D270 /* Assets.xcassets */ = {isa = PBXFileReference; lastKnownFileType = folder.assetcatalog; path = Assets.xcassets; sourceTree = "<group>"; };
		76183DE91F06EAC400F8D270 /* Base */ = {isa = PBXFileReference; lastKnownFileType = file.storyboard; name = Base; path = Base.lproj/LaunchScreen.storyboard; sourceTree = "<group>"; };
		76183DEB1F06EAC400F8D270 /* Info.plist */ = {isa = PBXFileReference; lastKnownFileType = text.plist.xml; path = Info.plist; sourceTree = "<group>"; };
		76183DF61F06EB9700F8D270 /* Person.swift */ = {isa = PBXFileReference; fileEncoding = 4; lastKnownFileType = sourcecode.swift; path = Person.swift; sourceTree = "<group>"; };
		76183DFA1F06F1AA00F8D270 /* RoundedImageView.swift */ = {isa = PBXFileReference; fileEncoding = 4; lastKnownFileType = sourcecode.swift; path = RoundedImageView.swift; sourceTree = "<group>"; };
/* End PBXFileReference section */

/* Begin PBXFrameworksBuildPhase section */
		76183DD91F06EAC400F8D270 /* Frameworks */ = {
			isa = PBXFrameworksBuildPhase;
			buildActionMask = 2147483647;
			files = (
			);
			runOnlyForDeploymentPostprocessing = 0;
		};
/* End PBXFrameworksBuildPhase section */

/* Begin PBXGroup section */
		76183DD31F06EAC400F8D270 = {
			isa = PBXGroup;
			children = (
				76183DDE1F06EAC400F8D270 /* MVCTest */,
				76183DDD1F06EAC400F8D270 /* Products */,
			);
			sourceTree = "<group>";
		};
		76183DDD1F06EAC400F8D270 /* Products */ = {
			isa = PBXGroup;
			children = (
				76183DDC1F06EAC400F8D270 /* MVCTest.app */,
			);
			name = Products;
			sourceTree = "<group>";
		};
		76183DDE1F06EAC400F8D270 /* MVCTest */ = {
			isa = PBXGroup;
			children = (
				76183DF51F06EB6800F8D270 /* Utilities */,
				76183DF41F06EB5D00F8D270 /* Resources */,
				76183DF31F06EB2D00F8D270 /* Model */,
				76183DF21F06EB2900F8D270 /* View */,
				76183DF11F06EB2000F8D270 /* Controller */,
				76183DDF1F06EAC400F8D270 /* AppDelegate.swift */,
				76183DE31F06EAC400F8D270 /* Main.storyboard */,
				76183DE61F06EAC400F8D270 /* Assets.xcassets */,
				76183DE81F06EAC400F8D270 /* LaunchScreen.storyboard */,
				76183DEB1F06EAC400F8D270 /* Info.plist */,
			);
			path = MVCTest;
			sourceTree = "<group>";
		};
		76183DF11F06EB2000F8D270 /* Controller */ = {
			isa = PBXGroup;
			children = (
				76183DE11F06EAC400F8D270 /* ViewController.swift */,
			);
			name = Controller;
			sourceTree = "<group>";
		};
		76183DF21F06EB2900F8D270 /* View */ = {
			isa = PBXGroup;
			children = (
				76183DFA1F06F1AA00F8D270 /* RoundedImageView.swift */,
			);
			name = View;
			sourceTree = "<group>";
		};
		76183DF31F06EB2D00F8D270 /* Model */ = {
			isa = PBXGroup;
			children = (
				76183DF61F06EB9700F8D270 /* Person.swift */,
			);
			name = Model;
			sourceTree = "<group>";
		};
		76183DF41F06EB5D00F8D270 /* Resources */ = {
			isa = PBXGroup;
			children = (
			);
			name = Resources;
			sourceTree = "<group>";
		};
		76183DF51F06EB6800F8D270 /* Utilities */ = {
			isa = PBXGroup;
			children = (
			);
			name = Utilities;
			sourceTree = "<group>";
		};
/* End PBXGroup section */

/* Begin PBXNativeTarget section */
		76183DDB1F06EAC400F8D270 /* MVCTest */ = {
			isa = PBXNativeTarget;
			buildConfigurationList = 76183DEE1F06EAC400F8D270 /* Build configuration list for PBXNativeTarget "MVCTest" */;
			buildPhases = (
				76183DD81F06EAC400F8D270 /* Sources */,
				76183DD91F06EAC400F8D270 /* Frameworks */,
				76183DDA1F06EAC400F8D270 /* Resources */,
			);
			buildRules = (
			);
			dependencies = (
			);
			name = MVCTest;
			productName = MVCTest;
			productReference = 76183DDC1F06EAC400F8D270 /* MVCTest.app */;
			productType = "com.apple.product-type.application";
		};
/* End PBXNativeTarget section */

/* Begin PBXProject section */
		76183DD41F06EAC400F8D270 /* Project object */ = {
			isa = PBXProject;
			attributes = {
				LastSwiftUpdateCheck = 0830;
				LastUpgradeCheck = 0830;
				ORGANIZATIONNAME = gomezja;
				TargetAttributes = {
					76183DDB1F06EAC400F8D270 = {
						CreatedOnToolsVersion = 8.3.3;
						ProvisioningStyle = Automatic;
					};
				};
			};
			buildConfigurationList = 76183DD71F06EAC400F8D270 /* Build configuration list for PBXProject "MVCTest" */;
			compatibilityVersion = "Xcode 3.2";
			developmentRegion = English;
			hasScannedForEncodings = 0;
			knownRegions = (
				en,
				Base,
			);
			mainGroup = 76183DD31F06EAC400F8D270;
			productRefGroup = 76183DDD1F06EAC400F8D270 /* Products */;
			projectDirPath = "";
			projectRoot = "";
			targets = (
				76183DDB1F06EAC400F8D270 /* MVCTest */,
			);
		};
/* End PBXProject section */

/* Begin PBXResourcesBuildPhase section */
		76183DDA1F06EAC400F8D270 /* Resources */ = {
			isa = PBXResourcesBuildPhase;
			buildActionMask = 2147483647;
			files = (
				76183DEA1F06EAC400F8D270 /* LaunchScreen.storyboard in Resources */,
				76183DE71F06EAC400F8D270 /* Assets.xcassets in Resources */,
				76183DE51F06EAC400F8D270 /* Main.storyboard in Resources */,
			);
			runOnlyForDeploymentPostprocessing = 0;
		};
/* End PBXResourcesBuildPhase section */

/* Begin PBXSourcesBuildPhase section */
		76183DD81F06EAC400F8D270 /* Sources */ = {
			isa = PBXSourcesBuildPhase;
			buildActionMask = 2147483647;
			files = (
				76183DFB1F06F1AA00F8D270 /* RoundedImageView.swift in Sources */,
				76183DF71F06EB9700F8D270 /* Person.swift in Sources */,
				76183DE21F06EAC400F8D270 /* ViewController.swift in Sources */,
				76183DE01F06EAC400F8D270 /* AppDelegate.swift in Sources */,
			);
			runOnlyForDeploymentPostprocessing = 0;
		};
/* End PBXSourcesBuildPhase section */

/* Begin PBXVariantGroup section */
		76183DE31F06EAC400F8D270 /* Main.storyboard */ = {
			isa = PBXVariantGroup;
			children = (
				76183DE41F06EAC400F8D270 /* Base */,
			);
			name = Main.storyboard;
			sourceTree = "<group>";
		};
		76183DE81F06EAC400F8D270 /* LaunchScreen.storyboard */ = {
			isa = PBXVariantGroup;
			children = (
				76183DE91F06EAC400F8D270 /* Base */,
			);
			name = LaunchScreen.storyboard;
			sourceTree = "<group>";
		};
/* End PBXVariantGroup section */

/* Begin XCBuildConfiguration section */
		76183DEC1F06EAC400F8D270 /* Debug */ = {
			isa = XCBuildConfiguration;
			buildSettings = {
				ALWAYS_SEARCH_USER_PATHS = NO;
				CLANG_ANALYZER_NONNULL = YES;
				CLANG_ANALYZER_NUMBER_OBJECT_CONVERSION = YES_AGGRESSIVE;
				CLANG_CXX_LANGUAGE_STANDARD = "gnu++0x";
				CLANG_CXX_LIBRARY = "libc++";
				CLANG_ENABLE_MODULES = YES;
				CLANG_ENABLE_OBJC_ARC = YES;
				CLANG_WARN_BOOL_CONVERSION = YES;
				CLANG_WARN_CONSTANT_CONVERSION = YES;
				CLANG_WARN_DIRECT_OBJC_ISA_USAGE = YES_ERROR;
				CLANG_WARN_DOCUMENTATION_COMMENTS = YES;
				CLANG_WARN_EMPTY_BODY = YES;
				CLANG_WARN_ENUM_CONVERSION = YES;
				CLANG_WARN_INFINITE_RECURSION = YES;
				CLANG_WARN_INT_CONVERSION = YES;
				CLANG_WARN_OBJC_ROOT_CLASS = YES_ERROR;
				CLANG_WARN_SUSPICIOUS_MOVE = YES;
				CLANG_WARN_UNREACHABLE_CODE = YES;
				CLANG_WARN__DUPLICATE_METHOD_MATCH = YES;
				"CODE_SIGN_IDENTITY[sdk=iphoneos*]" = "iPhone Developer";
				COPY_PHASE_STRIP = NO;
				DEBUG_INFORMATION_FORMAT = dwarf;
				ENABLE_STRICT_OBJC_MSGSEND = YES;
				ENABLE_TESTABILITY = YES;
				GCC_C_LANGUAGE_STANDARD = gnu99;
				GCC_DYNAMIC_NO_PIC = NO;
				GCC_NO_COMMON_BLOCKS = YES;
				GCC_OPTIMIZATION_LEVEL = 0;
				GCC_PREPROCESSOR_DEFINITIONS = (
					"DEBUG=1",
					"$(inherited)",
				);
				GCC_WARN_64_TO_32_BIT_CONVERSION = YES;
				GCC_WARN_ABOUT_RETURN_TYPE = YES_ERROR;
				GCC_WARN_UNDECLARED_SELECTOR = YES;
				GCC_WARN_UNINITIALIZED_AUTOS = YES_AGGRESSIVE;
				GCC_WARN_UNUSED_FUNCTION = YES;
				GCC_WARN_UNUSED_VARIABLE = YES;
				IPHONEOS_DEPLOYMENT_TARGET = 10.3;
				MTL_ENABLE_DEBUG_INFO = YES;
				ONLY_ACTIVE_ARCH = YES;
				SDKROOT = iphoneos;
				SWIFT_ACTIVE_COMPILATION_CONDITIONS = DEBUG;
				SWIFT_OPTIMIZATION_LEVEL = "-Onone";
				TARGETED_DEVICE_FAMILY = "1,2";
			};
			name = Debug;
		};
		76183DED1F06EAC400F8D270 /* Release */ = {
			isa = XCBuildConfiguration;
			buildSettings = {
				ALWAYS_SEARCH_USER_PATHS = NO;
				CLANG_ANALYZER_NONNULL = YES;
				CLANG_ANALYZER_NUMBER_OBJECT_CONVERSION = YES_AGGRESSIVE;
				CLANG_CXX_LANGUAGE_STANDARD = "gnu++0x";
				CLANG_CXX_LIBRARY = "libc++";
				CLANG_ENABLE_MODULES = YES;
				CLANG_ENABLE_OBJC_ARC = YES;
				CLANG_WARN_BOOL_CONVERSION = YES;
				CLANG_WARN_CONSTANT_CONVERSION = YES;
				CLANG_WARN_DIRECT_OBJC_ISA_USAGE = YES_ERROR;
				CLANG_WARN_DOCUMENTATION_COMMENTS = YES;
				CLANG_WARN_EMPTY_BODY = YES;
				CLANG_WARN_ENUM_CONVERSION = YES;
				CLANG_WARN_INFINITE_RECURSION = YES;
				CLANG_WARN_INT_CONVERSION = YES;
				CLANG_WARN_OBJC_ROOT_CLASS = YES_ERROR;
				CLANG_WARN_SUSPICIOUS_MOVE = YES;
				CLANG_WARN_UNREACHABLE_CODE = YES;
				CLANG_WARN__DUPLICATE_METHOD_MATCH = YES;
				"CODE_SIGN_IDENTITY[sdk=iphoneos*]" = "iPhone Developer";
				COPY_PHASE_STRIP = NO;
				DEBUG_INFORMATION_FORMAT = "dwarf-with-dsym";
				ENABLE_NS_ASSERTIONS = NO;
				ENABLE_STRICT_OBJC_MSGSEND = YES;
				GCC_C_LANGUAGE_STANDARD = gnu99;
				GCC_NO_COMMON_BLOCKS = YES;
				GCC_WARN_64_TO_32_BIT_CONVERSION = YES;
				GCC_WARN_ABOUT_RETURN_TYPE = YES_ERROR;
				GCC_WARN_UNDECLARED_SELECTOR = YES;
				GCC_WARN_UNINITIALIZED_AUTOS = YES_AGGRESSIVE;
				GCC_WARN_UNUSED_FUNCTION = YES;
				GCC_WARN_UNUSED_VARIABLE = YES;
				IPHONEOS_DEPLOYMENT_TARGET = 10.3;
				MTL_ENABLE_DEBUG_INFO = NO;
				SDKROOT = iphoneos;
				SWIFT_OPTIMIZATION_LEVEL = "-Owholemodule";
				TARGETED_DEVICE_FAMILY = "1,2";
				VALIDATE_PRODUCT = YES;
			};
			name = Release;
		};
		76183DEF1F06EAC400F8D270 /* Debug */ = {
			isa = XCBuildConfiguration;
			buildSettings = {
				ASSETCATALOG_COMPILER_APPICON_NAME = AppIcon;
				INFOPLIST_FILE = MVCTest/Info.plist;
				LD_RUNPATH_SEARCH_PATHS = "$(inherited) @executable_path/Frameworks";
				PRODUCT_BUNDLE_IDENTIFIER = abc.MVCTest;
				PRODUCT_NAME = "$(TARGET_NAME)";
				SWIFT_VERSION = 3.0;
			};
			name = Debug;
		};
		76183DF01F06EAC400F8D270 /* Release */ = {
			isa = XCBuildConfiguration;
			buildSettings = {
				ASSETCATALOG_COMPILER_APPICON_NAME = AppIcon;
				INFOPLIST_FILE = MVCTest/Info.plist;
				LD_RUNPATH_SEARCH_PATHS = "$(inherited) @executable_path/Frameworks";
				PRODUCT_BUNDLE_IDENTIFIER = abc.MVCTest;
				PRODUCT_NAME = "$(TARGET_NAME)";
				SWIFT_VERSION = 3.0;
			};
			name = Release;
		};
/* End XCBuildConfiguration section */

/* Begin XCConfigurationList section */
		76183DD71F06EAC400F8D270 /* Build configuration list for PBXProject "MVCTest" */ = {
			isa = XCConfigurationList;
			buildConfigurations = (
				76183DEC1F06EAC400F8D270 /* Debug */,
				76183DED1F06EAC400F8D270 /* Release */,
			);
			defaultConfigurationIsVisible = 0;
			defaultConfigurationName = Release;
		};
		76183DEE1F06EAC400F8D270 /* Build configuration list for PBXNativeTarget "MVCTest" */ = {
			isa = XCConfigurationList;
			buildConfigurations = (
				76183DEF1F06EAC400F8D270 /* Debug */,
				76183DF01F06EAC400F8D270 /* Release */,
			);
			defaultConfigurationIsVisible = 0;
		};
/* End XCConfigurationList section */
	};
	rootObject = 76183DD41F06EAC400F8D270 /* Project object */;
}
